// !$*UTF8*$!
{
	archiveVersion = 1;
	classes = {
	};
	objectVersion = 48;
	objects = {

/* Begin PBXBuildFile section */
		CD0DE3601FA081B9004D8597 /* Hop.cpp in Sources */ = {isa = PBXBuildFile; fileRef = CD0DE35E1FA081B9004D8597 /* Hop.cpp */; };
		CD50EFE21F9AABE300E4769E /* main.cpp in Sources */ = {isa = PBXBuildFile; fileRef = CD50EFE11F9AABE300E4769E /* main.cpp */; };
		CD50EFE91F9AAD0700E4769E /* fuzzfier.hpp in Sources */ = {isa = PBXBuildFile; fileRef = CD50EFE81F9AAD0700E4769E /* fuzzfier.hpp */; };
		CD50EFEB1F9AAD1600E4769E /* fuzzfier.cpp in Sources */ = {isa = PBXBuildFile; fileRef = CD50EFEA1F9AAD1600E4769E /* fuzzfier.cpp */; };
		CDCF0F3A1FCE285D00619B0B /* Layer.cpp in Sources */ = {isa = PBXBuildFile; fileRef = CDCF0F381FCE285D00619B0B /* Layer.cpp */; };
/* End PBXBuildFile section */

/* Begin PBXCopyFilesBuildPhase section */
		CD50EFDC1F9AABE300E4769E /* CopyFiles */ = {
			isa = PBXCopyFilesBuildPhase;
			buildActionMask = 2147483647;
			dstPath = /usr/share/man/man1/;
			dstSubfolderSpec = 0;
			files = (
			);
			runOnlyForDeploymentPostprocessing = 1;
		};
/* End PBXCopyFilesBuildPhase section */

/* Begin PBXFileReference section */
		CD0DE35E1FA081B9004D8597 /* Hop.cpp */ = {isa = PBXFileReference; lastKnownFileType = sourcecode.cpp.cpp; path = Hop.cpp; sourceTree = "<group>"; };
		CD0DE35F1FA081B9004D8597 /* Hop.hpp */ = {isa = PBXFileReference; lastKnownFileType = sourcecode.cpp.h; path = Hop.hpp; sourceTree = "<group>"; };
		CD50EFDE1F9AABE300E4769E /* Perceptron */ = {isa = PBXFileReference; explicitFileType = "compiled.mach-o.executable"; includeInIndex = 0; path = Perceptron; sourceTree = BUILT_PRODUCTS_DIR; };
		CD50EFE11F9AABE300E4769E /* main.cpp */ = {isa = PBXFileReference; lastKnownFileType = sourcecode.cpp.cpp; path = main.cpp; sourceTree = "<group>"; };
		CD50EFE81F9AAD0700E4769E /* fuzzfier.hpp */ = {isa = PBXFileReference; lastKnownFileType = sourcecode.cpp.h; path = fuzzfier.hpp; sourceTree = "<group>"; };
		CD50EFEA1F9AAD1600E4769E /* fuzzfier.cpp */ = {isa = PBXFileReference; lastKnownFileType = sourcecode.cpp.cpp; path = fuzzfier.cpp; sourceTree = "<group>"; };
		CDCF0F381FCE285D00619B0B /* Layer.cpp */ = {isa = PBXFileReference; lastKnownFileType = sourcecode.cpp.cpp; path = Layer.cpp; sourceTree = "<group>"; };
		CDCF0F391FCE285D00619B0B /* Layer.hpp */ = {isa = PBXFileReference; lastKnownFileType = sourcecode.cpp.h; path = Layer.hpp; sourceTree = "<group>"; };
/* End PBXFileReference section */

/* Begin PBXFrameworksBuildPhase section */
		CD50EFDB1F9AABE300E4769E /* Frameworks */ = {
			isa = PBXFrameworksBuildPhase;
			buildActionMask = 2147483647;
			files = (
			);
			runOnlyForDeploymentPostprocessing = 0;
		};
/* End PBXFrameworksBuildPhase section */

/* Begin PBXGroup section */
		CD50EFD51F9AABE300E4769E = {
			isa = PBXGroup;
			children = (
				CD50EFE01F9AABE300E4769E /* Perceptron */,
				CD50EFDF1F9AABE300E4769E /* Products */,
			);
			sourceTree = "<group>";
		};
		CD50EFDF1F9AABE300E4769E /* Products */ = {
			isa = PBXGroup;
			children = (
				CD50EFDE1F9AABE300E4769E /* Perceptron */,
			);
			name = Products;
			sourceTree = "<group>";
		};
		CD50EFE01F9AABE300E4769E /* Perceptron */ = {
			isa = PBXGroup;
			children = (
				CDCF0F371FCE283700619B0B /* Backpropagation */,
				CD50EFEA1F9AAD1600E4769E /* fuzzfier.cpp */,
				CD50EFE81F9AAD0700E4769E /* fuzzfier.hpp */,
				CD50EFE11F9AABE300E4769E /* main.cpp */,
				CD0DE35E1FA081B9004D8597 /* Hop.cpp */,
				CD0DE35F1FA081B9004D8597 /* Hop.hpp */,
			);
			path = Perceptron;
			sourceTree = "<group>";
		};
		CDCF0F371FCE283700619B0B /* Backpropagation */ = {
			isa = PBXGroup;
			children = (
				CDCF0F381FCE285D00619B0B /* Layer.cpp */,
				CDCF0F391FCE285D00619B0B /* Layer.hpp */,
			);
			path = Backpropagation;
			sourceTree = "<group>";
		};
/* End PBXGroup section */

/* Begin PBXNativeTarget section */
		CD50EFDD1F9AABE300E4769E /* Perceptron */ = {
			isa = PBXNativeTarget;
			buildConfigurationList = CD50EFE51F9AABE300E4769E /* Build configuration list for PBXNativeTarget "Perceptron" */;
			buildPhases = (
				CD50EFDA1F9AABE300E4769E /* Sources */,
				CD50EFDB1F9AABE300E4769E /* Frameworks */,
				CD50EFDC1F9AABE300E4769E /* CopyFiles */,
			);
			buildRules = (
			);
			dependencies = (
			);
			name = Perceptron;
			productName = Perceptron;
			productReference = CD50EFDE1F9AABE300E4769E /* Perceptron */;
			productType = "com.apple.product-type.tool";
		};
/* End PBXNativeTarget section */

/* Begin PBXProject section */
		CD50EFD61F9AABE300E4769E /* Project object */ = {
			isa = PBXProject;
			attributes = {
				KnownAssetTags = (
					New,
				);
				LastUpgradeCheck = 0900;
				ORGANIZATIONNAME = CodeArt;
				TargetAttributes = {
					CD50EFDD1F9AABE300E4769E = {
						CreatedOnToolsVersion = 9.0;
						ProvisioningStyle = Automatic;
					};
				};
			};
			buildConfigurationList = CD50EFD91F9AABE300E4769E /* Build configuration list for PBXProject "Perceptron" */;
			compatibilityVersion = "Xcode 8.0";
			developmentRegion = en;
			hasScannedForEncodings = 0;
			knownRegions = (
				en,
			);
			mainGroup = CD50EFD51F9AABE300E4769E;
			productRefGroup = CD50EFDF1F9AABE300E4769E /* Products */;
			projectDirPath = "";
			projectRoot = "";
			targets = (
				CD50EFDD1F9AABE300E4769E /* Perceptron */,
			);
		};
/* End PBXProject section */

/* Begin PBXSourcesBuildPhase section */
		CD50EFDA1F9AABE300E4769E /* Sources */ = {
			isa = PBXSourcesBuildPhase;
			buildActionMask = 2147483647;
			files = (
				CD50EFEB1F9AAD1600E4769E /* fuzzfier.cpp in Sources */,
				CD50EFE91F9AAD0700E4769E /* fuzzfier.hpp in Sources */,
				CD50EFE21F9AABE300E4769E /* main.cpp in Sources */,
				CD0DE3601FA081B9004D8597 /* Hop.cpp in Sources */,
				CDCF0F3A1FCE285D00619B0B /* Layer.cpp in Sources */,
			);
			runOnlyForDeploymentPostprocessing = 0;
		};
/* End PBXSourcesBuildPhase section */

/* Begin XCBuildConfiguration section */
		CD50EFE31F9AABE300E4769E /* Debug */ = {
			isa = XCBuildConfiguration;
			buildSettings = {
				ALWAYS_SEARCH_USER_PATHS = NO;
				CLANG_ANALYZER_NONNULL = YES;
				CLANG_ANALYZER_NUMBER_OBJECT_CONVERSION = YES_AGGRESSIVE;
				CLANG_CXX_LANGUAGE_STANDARD = "gnu++14";
				CLANG_CXX_LIBRARY = "libc++";
				CLANG_ENABLE_MODULES = YES;
				CLANG_ENABLE_OBJC_ARC = YES;
				CLANG_WARN_BLOCK_CAPTURE_AUTORELEASING = YES;
				CLANG_WARN_BOOL_CONVERSION = YES;
				CLANG_WARN_COMMA = YES;
				CLANG_WARN_CONSTANT_CONVERSION = YES;
				CLANG_WARN_DIRECT_OBJC_ISA_USAGE = YES_ERROR;
				CLANG_WARN_DOCUMENTATION_COMMENTS = YES;
				CLANG_WARN_EMPTY_BODY = YES;
				CLANG_WARN_ENUM_CONVERSION = YES;
				CLANG_WARN_INFINITE_RECURSION = YES;
				CLANG_WARN_INT_CONVERSION = YES;
				CLANG_WARN_NON_LITERAL_NULL_CONVERSION = YES;
				CLANG_WARN_OBJC_LITERAL_CONVERSION = YES;
				CLANG_WARN_OBJC_ROOT_CLASS = YES_ERROR;
				CLANG_WARN_RANGE_LOOP_ANALYSIS = YES;
				CLANG_WARN_STRICT_PROTOTYPES = YES;
				CLANG_WARN_SUSPICIOUS_MOVE = YES;
				CLANG_WARN_UNGUARDED_AVAILABILITY = YES_AGGRESSIVE;
				CLANG_WARN_UNREACHABLE_CODE = YES;
				CLANG_WARN__DUPLICATE_METHOD_MATCH = YES;
				CODE_SIGN_IDENTITY = "Mac Developer";
				COPY_PHASE_STRIP = NO;
				DEBUG_INFORMATION_FORMAT = dwarf;
				ENABLE_STRICT_OBJC_MSGSEND = YES;
				ENABLE_TESTABILITY = YES;
				GCC_C_LANGUAGE_STANDARD = gnu11;
				GCC_DYNAMIC_NO_PIC = NO;
				GCC_NO_COMMON_BLOCKS = YES;
				GCC_OPTIMIZATION_LEVEL = 0;
				GCC_PREPROCESSOR_DEFINITIONS = (
					"DEBUG=1",
					"$(inherited)",
				);
				GCC_WARN_64_TO_32_BIT_CONVERSION = YES;
				GCC_WARN_ABOUT_RETURN_TYPE = YES_ERROR;
				GCC_WARN_UNDECLARED_SELECTOR = YES;
				GCC_WARN_UNINITIALIZED_AUTOS = YES_AGGRESSIVE;
				GCC_WARN_UNUSED_FUNCTION = YES;
				GCC_WARN_UNUSED_VARIABLE = YES;
				MACOSX_DEPLOYMENT_TARGET = 10.12;
				MTL_ENABLE_DEBUG_INFO = YES;
				ONLY_ACTIVE_ARCH = YES;
				SDKROOT = macosx;
			};
			name = Debug;
		};
		CD50EFE41F9AABE300E4769E /* Release */ = {
			isa = XCBuildConfiguration;
			buildSettings = {
				ALWAYS_SEARCH_USER_PATHS = NO;
				CLANG_ANALYZER_NONNULL = YES;
				CLANG_ANALYZER_NUMBER_OBJECT_CONVERSION = YES_AGGRESSIVE;
				CLANG_CXX_LANGUAGE_STANDARD = "gnu++14";
				CLANG_CXX_LIBRARY = "libc++";
				CLANG_ENABLE_MODULES = YES;
				CLANG_ENABLE_OBJC_ARC = YES;
				CLANG_WARN_BLOCK_CAPTURE_AUTORELEASING = YES;
				CLANG_WARN_BOOL_CONVERSION = YES;
				CLANG_WARN_COMMA = YES;
				CLANG_WARN_CONSTANT_CONVERSION = YES;
				CLANG_WARN_DIRECT_OBJC_ISA_USAGE = YES_ERROR;
				CLANG_WARN_DOCUMENTATION_COMMENTS = YES;
				CLANG_WARN_EMPTY_BODY = YES;
				CLANG_WARN_ENUM_CONVERSION = YES;
				CLANG_WARN_INFINITE_RECURSION = YES;
				CLANG_WARN_INT_CONVERSION = YES;
				CLANG_WARN_NON_LITERAL_NULL_CONVERSION = YES;
				CLANG_WARN_OBJC_LITERAL_CONVERSION = YES;
				CLANG_WARN_OBJC_ROOT_CLASS = YES_ERROR;
				CLANG_WARN_RANGE_LOOP_ANALYSIS = YES;
				CLANG_WARN_STRICT_PROTOTYPES = YES;
				CLANG_WARN_SUSPICIOUS_MOVE = YES;
				CLANG_WARN_UNGUARDED_AVAILABILITY = YES_AGGRESSIVE;
				CLANG_WARN_UNREACHABLE_CODE = YES;
				CLANG_WARN__DUPLICATE_METHOD_MATCH = YES;
				CODE_SIGN_IDENTITY = "Mac Developer";
				COPY_PHASE_STRIP = NO;
				DEBUG_INFORMATION_FORMAT = "dwarf-with-dsym";
				ENABLE_NS_ASSERTIONS = NO;
				ENABLE_STRICT_OBJC_MSGSEND = YES;
				GCC_C_LANGUAGE_STANDARD = gnu11;
				GCC_NO_COMMON_BLOCKS = YES;
				GCC_WARN_64_TO_32_BIT_CONVERSION = YES;
				GCC_WARN_ABOUT_RETURN_TYPE = YES_ERROR;
				GCC_WARN_UNDECLARED_SELECTOR = YES;
				GCC_WARN_UNINITIALIZED_AUTOS = YES_AGGRESSIVE;
				GCC_WARN_UNUSED_FUNCTION = YES;
				GCC_WARN_UNUSED_VARIABLE = YES;
				MACOSX_DEPLOYMENT_TARGET = 10.12;
				MTL_ENABLE_DEBUG_INFO = NO;
				SDKROOT = macosx;
			};
			name = Release;
		};
		CD50EFE61F9AABE300E4769E /* Debug */ = {
			isa = XCBuildConfiguration;
			buildSettings = {
				CODE_SIGN_STYLE = Automatic;
				DEVELOPMENT_TEAM = 579LMQZ36P;
				PRODUCT_NAME = "$(TARGET_NAME)";
			};
			name = Debug;
		};
		CD50EFE71F9AABE300E4769E /* Release */ = {
			isa = XCBuildConfiguration;
			buildSettings = {
				CODE_SIGN_STYLE = Automatic;
				DEVELOPMENT_TEAM = 579LMQZ36P;
				PRODUCT_NAME = "$(TARGET_NAME)";
			};
			name = Release;
		};
/* End XCBuildConfiguration section */

/* Begin XCConfigurationList section */
		CD50EFD91F9AABE300E4769E /* Build configuration list for PBXProject "Perceptron" */ = {
			isa = XCConfigurationList;
			buildConfigurations = (
				CD50EFE31F9AABE300E4769E /* Debug */,
				CD50EFE41F9AABE300E4769E /* Release */,
			);
			defaultConfigurationIsVisible = 0;
			defaultConfigurationName = Release;
		};
		CD50EFE51F9AABE300E4769E /* Build configuration list for PBXNativeTarget "Perceptron" */ = {
			isa = XCConfigurationList;
			buildConfigurations = (
				CD50EFE61F9AABE300E4769E /* Debug */,
				CD50EFE71F9AABE300E4769E /* Release */,
			);
			defaultConfigurationIsVisible = 0;
			defaultConfigurationName = Release;
		};
/* End XCConfigurationList section */
	};
	rootObject = CD50EFD61F9AABE300E4769E /* Project object */;
}
